
Microsoft Visual Studio Solution File, Format Version 12.00
# Visual Studio 15
VisualStudioVersion = 15.0.28010.2036
MinimumVisualStudioVersion = 10.0.40219.1
Project("{FAE04EC0-301F-11D3-BF4B-00C04F79EFBC}") = "Tp3 UDP_IP", "Tp3 UDP_IP\Tp3 UDP_IP.csproj", "{C1FEBE67-5476-49A2-8205-5FBFA9183590}"
EndProject
Global
	GlobalSection(SolutionConfigurationPlatforms) = preSolution
		Debug|Any CPU = Debug|Any CPU
		Release|Any CPU = Release|Any CPU
	EndGlobalSection
	GlobalSection(ProjectConfigurationPlatforms) = postSolution
		{C1FEBE67-5476-49A2-8205-5FBFA9183590}.Debug|Any CPU.ActiveCfg = Debug|Any CPU
		{C1FEBE67-5476-49A2-8205-5FBFA9183590}.Debug|Any CPU.Build.0 = Debug|Any CPU
		{C1FEBE67-5476-49A2-8205-5FBFA9183590}.Release|Any CPU.ActiveCfg = Release|Any CPU
		{C1FEBE67-5476-49A2-8205-5FBFA9183590}.Release|Any CPU.Build.0 = Release|Any CPU
	EndGlobalSection
	GlobalSection(SolutionProperties) = preSolution
		HideSolutionNode = FALSE
	EndGlobalSection
	GlobalSection(ExtensibilityGlobals) = postSolution
		SolutionGuid = {CD0FA795-864F-4E12-B530-7DED70FC44DF}
	EndGlobalSection
EndGlobal
